// !$*UTF8*$!
{
	archiveVersion = 1;
	classes = {
	};
	objectVersion = 50;
	objects = {

/* Begin PBXBuildFile section */
		C313B6DB25C8585500C99227 /* AppDelegate.swift in Sources */ = {isa = PBXBuildFile; fileRef = C313B6DA25C8585500C99227 /* AppDelegate.swift */; };
		C313B6DD25C8585500C99227 /* SceneDelegate.swift in Sources */ = {isa = PBXBuildFile; fileRef = C313B6DC25C8585500C99227 /* SceneDelegate.swift */; };
		C313B6DF25C8585500C99227 /* ViewController.swift in Sources */ = {isa = PBXBuildFile; fileRef = C313B6DE25C8585500C99227 /* ViewController.swift */; };
		C313B6E225C8585500C99227 /* Main.storyboard in Resources */ = {isa = PBXBuildFile; fileRef = C313B6E025C8585500C99227 /* Main.storyboard */; };
		C313B6E525C8585500C99227 /* A2_ios_sukhvir_785858.xcdatamodeld in Sources */ = {isa = PBXBuildFile; fileRef = C313B6E325C8585500C99227 /* A2_ios_sukhvir_785858.xcdatamodeld */; };
		C313B6E725C8585700C99227 /* Assets.xcassets in Resources */ = {isa = PBXBuildFile; fileRef = C313B6E625C8585700C99227 /* Assets.xcassets */; };
		C313B6EA25C8585700C99227 /* LaunchScreen.storyboard in Resources */ = {isa = PBXBuildFile; fileRef = C313B6E825C8585700C99227 /* LaunchScreen.storyboard */; };
/* End PBXBuildFile section */

/* Begin PBXFileReference section */
		C313B6D725C8585500C99227 /* A2_ios_sukhvir_785858.app */ = {isa = PBXFileReference; explicitFileType = wrapper.application; includeInIndex = 0; path = A2_ios_sukhvir_785858.app; sourceTree = BUILT_PRODUCTS_DIR; };
		C313B6DA25C8585500C99227 /* AppDelegate.swift */ = {isa = PBXFileReference; lastKnownFileType = sourcecode.swift; path = AppDelegate.swift; sourceTree = "<group>"; };
		C313B6DC25C8585500C99227 /* SceneDelegate.swift */ = {isa = PBXFileReference; lastKnownFileType = sourcecode.swift; path = SceneDelegate.swift; sourceTree = "<group>"; };
		C313B6DE25C8585500C99227 /* ViewController.swift */ = {isa = PBXFileReference; lastKnownFileType = sourcecode.swift; path = ViewController.swift; sourceTree = "<group>"; };
		C313B6E125C8585500C99227 /* Base */ = {isa = PBXFileReference; lastKnownFileType = file.storyboard; name = Base; path = Base.lproj/Main.storyboard; sourceTree = "<group>"; };
		C313B6E425C8585500C99227 /* A2_ios_sukhvir_785858.xcdatamodel */ = {isa = PBXFileReference; lastKnownFileType = wrapper.xcdatamodel; path = A2_ios_sukhvir_785858.xcdatamodel; sourceTree = "<group>"; };
		C313B6E625C8585700C99227 /* Assets.xcassets */ = {isa = PBXFileReference; lastKnownFileType = folder.assetcatalog; path = Assets.xcassets; sourceTree = "<group>"; };
		C313B6E925C8585700C99227 /* Base */ = {isa = PBXFileReference; lastKnownFileType = file.storyboard; name = Base; path = Base.lproj/LaunchScreen.storyboard; sourceTree = "<group>"; };
		C313B6EB25C8585700C99227 /* Info.plist */ = {isa = PBXFileReference; lastKnownFileType = text.plist.xml; path = Info.plist; sourceTree = "<group>"; };
/* End PBXFileReference section */

/* Begin PBXFrameworksBuildPhase section */
		C313B6D425C8585500C99227 /* Frameworks */ = {
			isa = PBXFrameworksBuildPhase;
			buildActionMask = 2147483647;
			files = (
			);
			runOnlyForDeploymentPostprocessing = 0;
		};
/* End PBXFrameworksBuildPhase section */

/* Begin PBXGroup section */
		C313B6CE25C8585500C99227 = {
			isa = PBXGroup;
			children = (
				C313B6D925C8585500C99227 /* A2_ios_sukhvir_785858 */,
				C313B6D825C8585500C99227 /* Products */,
			);
			sourceTree = "<group>";
		};
		C313B6D825C8585500C99227 /* Products */ = {
			isa = PBXGroup;
			children = (
				C313B6D725C8585500C99227 /* A2_ios_sukhvir_785858.app */,
			);
			name = Products;
			sourceTree = "<group>";
		};
		C313B6D925C8585500C99227 /* A2_ios_sukhvir_785858 */ = {
			isa = PBXGroup;
			children = (
				C313B6DA25C8585500C99227 /* AppDelegate.swift */,
				C313B6DC25C8585500C99227 /* SceneDelegate.swift */,
				C313B6DE25C8585500C99227 /* ViewController.swift */,
				C313B6E025C8585500C99227 /* Main.storyboard */,
				C313B6E625C8585700C99227 /* Assets.xcassets */,
				C313B6E825C8585700C99227 /* LaunchScreen.storyboard */,
				C313B6EB25C8585700C99227 /* Info.plist */,
				C313B6E325C8585500C99227 /* A2_ios_sukhvir_785858.xcdatamodeld */,
			);
			path = A2_ios_sukhvir_785858;
			sourceTree = "<group>";
		};
/* End PBXGroup section */

/* Begin PBXNativeTarget section */
		C313B6D625C8585500C99227 /* A2_ios_sukhvir_785858 */ = {
			isa = PBXNativeTarget;
			buildConfigurationList = C313B6EE25C8585700C99227 /* Build configuration list for PBXNativeTarget "A2_ios_sukhvir_785858" */;
			buildPhases = (
				C313B6D325C8585500C99227 /* Sources */,
				C313B6D425C8585500C99227 /* Frameworks */,
				C313B6D525C8585500C99227 /* Resources */,
			);
			buildRules = (
			);
			dependencies = (
			);
			name = A2_ios_sukhvir_785858;
			productName = A2_ios_sukhvir_785858;
			productReference = C313B6D725C8585500C99227 /* A2_ios_sukhvir_785858.app */;
			productType = "com.apple.product-type.application";
		};
/* End PBXNativeTarget section */

/* Begin PBXProject section */
		C313B6CF25C8585500C99227 /* Project object */ = {
			isa = PBXProject;
			attributes = {
				LastSwiftUpdateCheck = 1230;
				LastUpgradeCheck = 1230;
				TargetAttributes = {
					C313B6D625C8585500C99227 = {
						CreatedOnToolsVersion = 12.3;
					};
				};
			};
			buildConfigurationList = C313B6D225C8585500C99227 /* Build configuration list for PBXProject "A2_ios_sukhvir_785858" */;
			compatibilityVersion = "Xcode 9.3";
			developmentRegion = en;
			hasScannedForEncodings = 0;
			knownRegions = (
				en,
				Base,
			);
			mainGroup = C313B6CE25C8585500C99227;
			productRefGroup = C313B6D825C8585500C99227 /* Products */;
			projectDirPath = "";
			projectRoot = "";
			targets = (
				C313B6D625C8585500C99227 /* A2_ios_sukhvir_785858 */,
			);
		};
/* End PBXProject section */

/* Begin PBXResourcesBuildPhase section */
		C313B6D525C8585500C99227 /* Resources */ = {
			isa = PBXResourcesBuildPhase;
			buildActionMask = 2147483647;
			files = (
				C313B6EA25C8585700C99227 /* LaunchScreen.storyboard in Resources */,
				C313B6E725C8585700C99227 /* Assets.xcassets in Resources */,
				C313B6E225C8585500C99227 /* Main.storyboard in Resources */,
			);
			runOnlyForDeploymentPostprocessing = 0;
		};
/* End PBXResourcesBuildPhase section */

/* Begin PBXSourcesBuildPhase section */
		C313B6D325C8585500C99227 /* Sources */ = {
			isa = PBXSourcesBuildPhase;
			buildActionMask = 2147483647;
			files = (
				C313B6DF25C8585500C99227 /* ViewController.swift in Sources */,
				C313B6DB25C8585500C99227 /* AppDelegate.swift in Sources */,
				C313B6E525C8585500C99227 /* A2_ios_sukhvir_785858.xcdatamodeld in Sources */,
				C313B6DD25C8585500C99227 /* SceneDelegate.swift in Sources */,
			);
			runOnlyForDeploymentPostprocessing = 0;
		};
/* End PBXSourcesBuildPhase section */

/* Begin PBXVariantGroup section */
		C313B6E025C8585500C99227 /* Main.storyboard */ = {
			isa = PBXVariantGroup;
			children = (
				C313B6E125C8585500C99227 /* Base */,
			);
			name = Main.storyboard;
			sourceTree = "<group>";
		};
		C313B6E825C8585700C99227 /* LaunchScreen.storyboard */ = {
			isa = PBXVariantGroup;
			children = (
				C313B6E925C8585700C99227 /* Base */,
			);
			name = LaunchScreen.storyboard;
			sourceTree = "<group>";
		};
/* End PBXVariantGroup section */

/* Begin XCBuildConfiguration section */
		C313B6EC25C8585700C99227 /* Debug */ = {
			isa = XCBuildConfiguration;
			buildSettings = {
				ALWAYS_SEARCH_USER_PATHS = NO;
				CLANG_ANALYZER_NONNULL = YES;
				CLANG_ANALYZER_NUMBER_OBJECT_CONVERSION = YES_AGGRESSIVE;
				CLANG_CXX_LANGUAGE_STANDARD = "gnu++14";
				CLANG_CXX_LIBRARY = "libc++";
				CLANG_ENABLE_MODULES = YES;
				CLANG_ENABLE_OBJC_ARC = YES;
				CLANG_ENABLE_OBJC_WEAK = YES;
				CLANG_WARN_BLOCK_CAPTURE_AUTORELEASING = YES;
				CLANG_WARN_BOOL_CONVERSION = YES;
				CLANG_WARN_COMMA = YES;
				CLANG_WARN_CONSTANT_CONVERSION = YES;
				CLANG_WARN_DEPRECATED_OBJC_IMPLEMENTATIONS = YES;
				CLANG_WARN_DIRECT_OBJC_ISA_USAGE = YES_ERROR;
				CLANG_WARN_DOCUMENTATION_COMMENTS = YES;
				CLANG_WARN_EMPTY_BODY = YES;
				CLANG_WARN_ENUM_CONVERSION = YES;
				CLANG_WARN_INFINITE_RECURSION = YES;
				CLANG_WARN_INT_CONVERSION = YES;
				CLANG_WARN_NON_LITERAL_NULL_CONVERSION = YES;
				CLANG_WARN_OBJC_IMPLICIT_RETAIN_SELF = YES;
				CLANG_WARN_OBJC_LITERAL_CONVERSION = YES;
				CLANG_WARN_OBJC_ROOT_CLASS = YES_ERROR;
				CLANG_WARN_QUOTED_INCLUDE_IN_FRAMEWORK_HEADER = YES;
				CLANG_WARN_RANGE_LOOP_ANALYSIS = YES;
				CLANG_WARN_STRICT_PROTOTYPES = YES;
				CLANG_WARN_SUSPICIOUS_MOVE = YES;
				CLANG_WARN_UNGUARDED_AVAILABILITY = YES_AGGRESSIVE;
				CLANG_WARN_UNREACHABLE_CODE = YES;
				CLANG_WARN__DUPLICATE_METHOD_MATCH = YES;
				COPY_PHASE_STRIP = NO;
				DEBUG_INFORMATION_FORMAT = dwarf;
				ENABLE_STRICT_OBJC_MSGSEND = YES;
				ENABLE_TESTABILITY = YES;
				GCC_C_LANGUAGE_STANDARD = gnu11;
				GCC_DYNAMIC_NO_PIC = NO;
				GCC_NO_COMMON_BLOCKS = YES;
				GCC_OPTIMIZATION_LEVEL = 0;
				GCC_PREPROCESSOR_DEFINITIONS = (
					"DEBUG=1",
					"$(inherited)",
				);
				GCC_WARN_64_TO_32_BIT_CONVERSION = YES;
				GCC_WARN_ABOUT_RETURN_TYPE = YES_ERROR;
				GCC_WARN_UNDECLARED_SELECTOR = YES;
				GCC_WARN_UNINITIALIZED_AUTOS = YES_AGGRESSIVE;
				GCC_WARN_UNUSED_FUNCTION = YES;
				GCC_WARN_UNUSED_VARIABLE = YES;
				IPHONEOS_DEPLOYMENT_TARGET = 14.3;
				MTL_ENABLE_DEBUG_INFO = INCLUDE_SOURCE;
				MTL_FAST_MATH = YES;
				ONLY_ACTIVE_ARCH = YES;
				SDKROOT = iphoneos;
				SWIFT_ACTIVE_COMPILATION_CONDITIONS = DEBUG;
				SWIFT_OPTIMIZATION_LEVEL = "-Onone";
			};
			name = Debug;
		};
		C313B6ED25C8585700C99227 /* Release */ = {
			isa = XCBuildConfiguration;
			buildSettings = {
				ALWAYS_SEARCH_USER_PATHS = NO;
				CLANG_ANALYZER_NONNULL = YES;
				CLANG_ANALYZER_NUMBER_OBJECT_CONVERSION = YES_AGGRESSIVE;
				CLANG_CXX_LANGUAGE_STANDARD = "gnu++14";
				CLANG_CXX_LIBRARY = "libc++";
				CLANG_ENABLE_MODULES = YES;
				CLANG_ENABLE_OBJC_ARC = YES;
				CLANG_ENABLE_OBJC_WEAK = YES;
				CLANG_WARN_BLOCK_CAPTURE_AUTORELEASING = YES;
				CLANG_WARN_BOOL_CONVERSION = YES;
				CLANG_WARN_COMMA = YES;
				CLANG_WARN_CONSTANT_CONVERSION = YES;
				CLANG_WARN_DEPRECATED_OBJC_IMPLEMENTATIONS = YES;
				CLANG_WARN_DIRECT_OBJC_ISA_USAGE = YES_ERROR;
				CLANG_WARN_DOCUMENTATION_COMMENTS = YES;
				CLANG_WARN_EMPTY_BODY = YES;
				CLANG_WARN_ENUM_CONVERSION = YES;
				CLANG_WARN_INFINITE_RECURSION = YES;
				CLANG_WARN_INT_CONVERSION = YES;
				CLANG_WARN_NON_LITERAL_NULL_CONVERSION = YES;
				CLANG_WARN_OBJC_IMPLICIT_RETAIN_SELF = YES;
				CLANG_WARN_OBJC_LITERAL_CONVERSION = YES;
				CLANG_WARN_OBJC_ROOT_CLASS = YES_ERROR;
				CLANG_WARN_QUOTED_INCLUDE_IN_FRAMEWORK_HEADER = YES;
				CLANG_WARN_RANGE_LOOP_ANALYSIS = YES;
				CLANG_WARN_STRICT_PROTOTYPES = YES;
				CLANG_WARN_SUSPICIOUS_MOVE = YES;
				CLANG_WARN_UNGUARDED_AVAILABILITY = YES_AGGRESSIVE;
				CLANG_WARN_UNREACHABLE_CODE = YES;
				CLANG_WARN__DUPLICATE_METHOD_MATCH = YES;
				COPY_PHASE_STRIP = NO;
				DEBUG_INFORMATION_FORMAT = "dwarf-with-dsym";
				ENABLE_NS_ASSERTIONS = NO;
				ENABLE_STRICT_OBJC_MSGSEND = YES;
				GCC_C_LANGUAGE_STANDARD = gnu11;
				GCC_NO_COMMON_BLOCKS = YES;
				GCC_WARN_64_TO_32_BIT_CONVERSION = YES;
				GCC_WARN_ABOUT_RETURN_TYPE = YES_ERROR;
				GCC_WARN_UNDECLARED_SELECTOR = YES;
				GCC_WARN_UNINITIALIZED_AUTOS = YES_AGGRESSIVE;
				GCC_WARN_UNUSED_FUNCTION = YES;
				GCC_WARN_UNUSED_VARIABLE = YES;
				IPHONEOS_DEPLOYMENT_TARGET = 14.3;
				MTL_ENABLE_DEBUG_INFO = NO;
				MTL_FAST_MATH = YES;
				SDKROOT = iphoneos;
				SWIFT_COMPILATION_MODE = wholemodule;
				SWIFT_OPTIMIZATION_LEVEL = "-O";
				VALIDATE_PRODUCT = YES;
			};
			name = Release;
		};
		C313B6EF25C8585700C99227 /* Debug */ = {
			isa = XCBuildConfiguration;
			buildSettings = {
				ASSETCATALOG_COMPILER_APPICON_NAME = AppIcon;
				ASSETCATALOG_COMPILER_GLOBAL_ACCENT_COLOR_NAME = AccentColor;
				CODE_SIGN_STYLE = Automatic;
				INFOPLIST_FILE = A2_ios_sukhvir_785858/Info.plist;
				LD_RUNPATH_SEARCH_PATHS = (
					"$(inherited)",
					"@executable_path/Frameworks",
				);
				PRODUCT_BUNDLE_IDENTIFIER = "com.abc.A2-ios-sukhvir-785858";
				PRODUCT_NAME = "$(TARGET_NAME)";
				SWIFT_VERSION = 5.0;
				TARGETED_DEVICE_FAMILY = "1,2";
			};
			name = Debug;
		};
		C313B6F025C8585700C99227 /* Release */ = {
			isa = XCBuildConfiguration;
			buildSettings = {
				ASSETCATALOG_COMPILER_APPICON_NAME = AppIcon;
				ASSETCATALOG_COMPILER_GLOBAL_ACCENT_COLOR_NAME = AccentColor;
				CODE_SIGN_STYLE = Automatic;
				INFOPLIST_FILE = A2_ios_sukhvir_785858/Info.plist;
				LD_RUNPATH_SEARCH_PATHS = (
					"$(inherited)",
					"@executable_path/Frameworks",
				);
				PRODUCT_BUNDLE_IDENTIFIER = "com.abc.A2-ios-sukhvir-785858";
				PRODUCT_NAME = "$(TARGET_NAME)";
				SWIFT_VERSION = 5.0;
				TARGETED_DEVICE_FAMILY = "1,2";
			};
			name = Release;
		};
/* End XCBuildConfiguration section */

/* Begin XCConfigurationList section */
		C313B6D225C8585500C99227 /* Build configuration list for PBXProject "A2_ios_sukhvir_785858" */ = {
			isa = XCConfigurationList;
			buildConfigurations = (
				C313B6EC25C8585700C99227 /* Debug */,
				C313B6ED25C8585700C99227 /* Release */,
			);
			defaultConfigurationIsVisible = 0;
			defaultConfigurationName = Release;
		};
		C313B6EE25C8585700C99227 /* Build configuration list for PBXNativeTarget "A2_ios_sukhvir_785858" */ = {
			isa = XCConfigurationList;
			buildConfigurations = (
				C313B6EF25C8585700C99227 /* Debug */,
				C313B6F025C8585700C99227 /* Release */,
			);
			defaultConfigurationIsVisible = 0;
			defaultConfigurationName = Release;
		};
/* End XCConfigurationList section */

/* Begin XCVersionGroup section */
		C313B6E325C8585500C99227 /* A2_ios_sukhvir_785858.xcdatamodeld */ = {
			isa = XCVersionGroup;
			children = (
				C313B6E425C8585500C99227 /* A2_ios_sukhvir_785858.xcdatamodel */,
			);
			currentVersion = C313B6E425C8585500C99227 /* A2_ios_sukhvir_785858.xcdatamodel */;
			path = A2_ios_sukhvir_785858.xcdatamodeld;
			sourceTree = "<group>";
			versionGroupType = wrapper.xcdatamodel;
		};
/* End XCVersionGroup section */
	};
	rootObject = C313B6CF25C8585500C99227 /* Project object */;
}
